
Microsoft Visual Studio Solution File, Format Version 12.00
# Visual Studio Version 17
VisualStudioVersion = 17.7.34202.233
MinimumVisualStudioVersion = 10.0.40219.1
Project("{8BC9CEB8-8B4A-11D0-8D11-00A0C91BC942}") = "Project_Chatting", "Project_Chatting.vcxproj", "{108E7C47-2416-446A-A937-7B57CE3DF9CB}"
EndProject
Project("{8BC9CEB8-8B4A-11D0-8D11-00A0C91BC942}") = "Server", "..\Server\Server.vcxproj", "{E05ECD6A-EB82-488A-8BE9-7764522AA810}"
EndProject
Global
	GlobalSection(SolutionConfigurationPlatforms) = preSolution
		Debug|x64 = Debug|x64
		Debug|x86 = Debug|x86
		Release|x64 = Release|x64
		Release|x86 = Release|x86
	EndGlobalSection
	GlobalSection(ProjectConfigurationPlatforms) = postSolution
		{108E7C47-2416-446A-A937-7B57CE3DF9CB}.Debug|x64.ActiveCfg = Debug|x64
		{108E7C47-2416-446A-A937-7B57CE3DF9CB}.Debug|x64.Build.0 = Debug|x64
		{108E7C47-2416-446A-A937-7B57CE3DF9CB}.Debug|x86.ActiveCfg = Debug|Win32
		{108E7C47-2416-446A-A937-7B57CE3DF9CB}.Debug|x86.Build.0 = Debug|Win32
		{108E7C47-2416-446A-A937-7B57CE3DF9CB}.Release|x64.ActiveCfg = Release|x64
		{108E7C47-2416-446A-A937-7B57CE3DF9CB}.Release|x64.Build.0 = Release|x64
		{108E7C47-2416-446A-A937-7B57CE3DF9CB}.Release|x86.ActiveCfg = Release|Win32
		{108E7C47-2416-446A-A937-7B57CE3DF9CB}.Release|x86.Build.0 = Release|Win32
		{E05ECD6A-EB82-488A-8BE9-7764522AA810}.Debug|x64.ActiveCfg = Debug|x64
		{E05ECD6A-EB82-488A-8BE9-7764522AA810}.Debug|x64.Build.0 = Debug|x64
		{E05ECD6A-EB82-488A-8BE9-7764522AA810}.Debug|x86.ActiveCfg = Debug|Win32
		{E05ECD6A-EB82-488A-8BE9-7764522AA810}.Debug|x86.Build.0 = Debug|Win32
		{E05ECD6A-EB82-488A-8BE9-7764522AA810}.Release|x64.ActiveCfg = Release|x64
		{E05ECD6A-EB82-488A-8BE9-7764522AA810}.Release|x64.Build.0 = Release|x64
		{E05ECD6A-EB82-488A-8BE9-7764522AA810}.Release|x86.ActiveCfg = Release|Win32
		{E05ECD6A-EB82-488A-8BE9-7764522AA810}.Release|x86.Build.0 = Release|Win32
	EndGlobalSection
	GlobalSection(SolutionProperties) = preSolution
		HideSolutionNode = FALSE
	EndGlobalSection
	GlobalSection(ExtensibilityGlobals) = postSolution
		SolutionGuid = {A8D10C4F-9E5A-4C45-AB2F-3E3D421D3E96}
	EndGlobalSection
EndGlobal
